
Microsoft Visual Studio Solution File, Format Version 12.00
# Visual Studio 14
VisualStudioVersion = 14.0.24720.0
MinimumVisualStudioVersion = 10.0.40219.1
Project("{8BC9CEB8-8B4A-11D0-8D11-00A0C91BC942}") = "AIEOpenGL", "AIEOpenGL.vcxproj", "{63494F4E-79FA-48AD-AA6C-BDF1FF1619FD}"
	ProjectSection(ProjectDependencies) = postProject
		{E0B58655-F503-4F92-8A97-0EA5A14158F0} = {E0B58655-F503-4F92-8A97-0EA5A14158F0}
	EndProjectSection
EndProject
Project("{8BC9CEB8-8B4A-11D0-8D11-00A0C91BC942}") = "AIE Unit Test", "..\AIE Unit Test\AIE Unit Test.vcxproj", "{48933FB5-5DAC-404C-8B4A-CA90BC688E48}"
	ProjectSection(ProjectDependencies) = postProject
		{E0B58655-F503-4F92-8A97-0EA5A14158F0} = {E0B58655-F503-4F92-8A97-0EA5A14158F0}
	EndProjectSection
EndProject
Project("{8BC9CEB8-8B4A-11D0-8D11-00A0C91BC942}") = "Binary", "..\Binary\Binary.vcxproj", "{F73CF668-96D4-4E46-BEFD-252E4F48717D}"
EndProject
Project("{8BC9CEB8-8B4A-11D0-8D11-00A0C91BC942}") = "Maths Library", "..\Maths Library\Maths Library.vcxproj", "{E0B58655-F503-4F92-8A97-0EA5A14158F0}"
EndProject
Project("{8BC9CEB8-8B4A-11D0-8D11-00A0C91BC942}") = "Sam Testing", "..\Sam Testing\Sam Testing.vcxproj", "{8919F16A-0011-4D6D-A854-C39412C3D935}"
	ProjectSection(ProjectDependencies) = postProject
		{E0B58655-F503-4F92-8A97-0EA5A14158F0} = {E0B58655-F503-4F92-8A97-0EA5A14158F0}
	EndProjectSection
EndProject
Global
	GlobalSection(SolutionConfigurationPlatforms) = preSolution
		Debug|x64 = Debug|x64
		Debug|x86 = Debug|x86
		Release|x64 = Release|x64
		Release|x86 = Release|x86
	EndGlobalSection
	GlobalSection(ProjectConfigurationPlatforms) = postSolution
		{63494F4E-79FA-48AD-AA6C-BDF1FF1619FD}.Debug|x64.ActiveCfg = Debug|Win32
		{63494F4E-79FA-48AD-AA6C-BDF1FF1619FD}.Debug|x86.ActiveCfg = Debug|Win32
		{63494F4E-79FA-48AD-AA6C-BDF1FF1619FD}.Debug|x86.Build.0 = Debug|Win32
		{63494F4E-79FA-48AD-AA6C-BDF1FF1619FD}.Release|x64.ActiveCfg = Release|Win32
		{63494F4E-79FA-48AD-AA6C-BDF1FF1619FD}.Release|x86.ActiveCfg = Release|Win32
		{63494F4E-79FA-48AD-AA6C-BDF1FF1619FD}.Release|x86.Build.0 = Release|Win32
		{48933FB5-5DAC-404C-8B4A-CA90BC688E48}.Debug|x64.ActiveCfg = Debug|x64
		{48933FB5-5DAC-404C-8B4A-CA90BC688E48}.Debug|x64.Build.0 = Debug|x64
		{48933FB5-5DAC-404C-8B4A-CA90BC688E48}.Debug|x86.ActiveCfg = Debug|Win32
		{48933FB5-5DAC-404C-8B4A-CA90BC688E48}.Debug|x86.Build.0 = Debug|Win32
		{48933FB5-5DAC-404C-8B4A-CA90BC688E48}.Release|x64.ActiveCfg = Release|x64
		{48933FB5-5DAC-404C-8B4A-CA90BC688E48}.Release|x64.Build.0 = Release|x64
		{48933FB5-5DAC-404C-8B4A-CA90BC688E48}.Release|x86.ActiveCfg = Release|Win32
		{48933FB5-5DAC-404C-8B4A-CA90BC688E48}.Release|x86.Build.0 = Release|Win32
		{F73CF668-96D4-4E46-BEFD-252E4F48717D}.Debug|x64.ActiveCfg = Debug|x64
		{F73CF668-96D4-4E46-BEFD-252E4F48717D}.Debug|x64.Build.0 = Debug|x64
		{F73CF668-96D4-4E46-BEFD-252E4F48717D}.Debug|x86.ActiveCfg = Debug|Win32
		{F73CF668-96D4-4E46-BEFD-252E4F48717D}.Debug|x86.Build.0 = Debug|Win32
		{F73CF668-96D4-4E46-BEFD-252E4F48717D}.Release|x64.ActiveCfg = Release|x64
		{F73CF668-96D4-4E46-BEFD-252E4F48717D}.Release|x64.Build.0 = Release|x64
		{F73CF668-96D4-4E46-BEFD-252E4F48717D}.Release|x86.ActiveCfg = Release|Win32
		{F73CF668-96D4-4E46-BEFD-252E4F48717D}.Release|x86.Build.0 = Release|Win32
		{E0B58655-F503-4F92-8A97-0EA5A14158F0}.Debug|x64.ActiveCfg = Debug|x64
		{E0B58655-F503-4F92-8A97-0EA5A14158F0}.Debug|x64.Build.0 = Debug|x64
		{E0B58655-F503-4F92-8A97-0EA5A14158F0}.Debug|x86.ActiveCfg = Debug|Win32
		{E0B58655-F503-4F92-8A97-0EA5A14158F0}.Debug|x86.Build.0 = Debug|Win32
		{E0B58655-F503-4F92-8A97-0EA5A14158F0}.Release|x64.ActiveCfg = Release|x64
		{E0B58655-F503-4F92-8A97-0EA5A14158F0}.Release|x64.Build.0 = Release|x64
		{E0B58655-F503-4F92-8A97-0EA5A14158F0}.Release|x86.ActiveCfg = Release|Win32
		{E0B58655-F503-4F92-8A97-0EA5A14158F0}.Release|x86.Build.0 = Release|Win32
		{8919F16A-0011-4D6D-A854-C39412C3D935}.Debug|x64.ActiveCfg = Debug|x64
		{8919F16A-0011-4D6D-A854-C39412C3D935}.Debug|x64.Build.0 = Debug|x64
		{8919F16A-0011-4D6D-A854-C39412C3D935}.Debug|x86.ActiveCfg = Debug|Win32
		{8919F16A-0011-4D6D-A854-C39412C3D935}.Debug|x86.Build.0 = Debug|Win32
		{8919F16A-0011-4D6D-A854-C39412C3D935}.Release|x64.ActiveCfg = Release|x64
		{8919F16A-0011-4D6D-A854-C39412C3D935}.Release|x64.Build.0 = Release|x64
		{8919F16A-0011-4D6D-A854-C39412C3D935}.Release|x86.ActiveCfg = Release|Win32
		{8919F16A-0011-4D6D-A854-C39412C3D935}.Release|x86.Build.0 = Release|Win32
	EndGlobalSection
	GlobalSection(SolutionProperties) = preSolution
		HideSolutionNode = FALSE
	EndGlobalSection
EndGlobal
